
Microsoft Visual Studio Solution File, Format Version 12.00
# Visual Studio Version 16
VisualStudioVersion = 16.0.30509.20
MinimumVisualStudioVersion = 10.0.40219.1
Project("{FAE04EC0-301F-11D3-BF4B-00C04F79EFBC}") = "Carnation", "Carnation\Carnation.csproj", "{941956C6-D775-40A5-ABC1-FAD32CFB7874}"
EndProject
Project("{2150E333-8FDC-42A3-9474-1A3956D46DE8}") = "Solution Items", "Solution Items", "{635DE5CA-798D-44F3-B5C9-391CD8269368}"
	ProjectSection(SolutionItems) = preProject
		.editorconfig = .editorconfig
	EndProjectSection
EndProject
Global
	GlobalSection(SolutionConfigurationPlatforms) = preSolution
		Debug|Any CPU = Debug|Any CPU
		Release|Any CPU = Release|Any CPU
	EndGlobalSection
	GlobalSection(ProjectConfigurationPlatforms) = postSolution
		{941956C6-D775-40A5-ABC1-FAD32CFB7874}.Debug|Any CPU.ActiveCfg = Debug|Any CPU
		{941956C6-D775-40A5-ABC1-FAD32CFB7874}.Debug|Any CPU.Build.0 = Debug|Any CPU
		{941956C6-D775-40A5-ABC1-FAD32CFB7874}.Release|Any CPU.ActiveCfg = Release|Any CPU
		{941956C6-D775-40A5-ABC1-FAD32CFB7874}.Release|Any CPU.Build.0 = Release|Any CPU
	EndGlobalSection
	GlobalSection(SolutionProperties) = preSolution
		HideSolutionNode = FALSE
	EndGlobalSection
	GlobalSection(ExtensibilityGlobals) = postSolution
		SolutionGuid = {4FF5A302-B2EA-480E-873A-E5F676B7E8A5}
	EndGlobalSection
EndGlobal
